// !$*UTF8*$!
{
	archiveVersion = 1;
	classes = {
	};
	objectVersion = 77;
	objects = {

/* Begin PBXContainerItemProxy section */
		491C792D2F986C2500ED47C1 /* PBXContainerItemProxy */ = {
			isa = PBXContainerItemProxy;
			containerPortal = 491C79142F986C2300ED47C1 /* Project object */;
			proxyType = 1;
			remoteGlobalIDString = 491C791B2F986C2300ED47C1;
			remoteInfo = GlowMoon;
		};
		491C79372F986C2500ED47C1 /* PBXContainerItemProxy */ = {
			isa = PBXContainerItemProxy;
			containerPortal = 491C79142F986C2300ED47C1 /* Project object */;
			proxyType = 1;
			remoteGlobalIDString = 491C791B2F986C2300ED47C1;
			remoteInfo = GlowMoon;
		};
/* End PBXContainerItemProxy section */

/* Begin PBXFileReference section */
		491C791C2F986C2300ED47C1 /* GlowMoon.app */ = {isa = PBXFileReference; explicitFileType = wrapper.application; includeInIndex = 0; path = GlowMoon.app; sourceTree = BUILT_PRODUCTS_DIR; };
		491C792C2F986C2500ED47C1 /* GlowMoonTests.xctest */ = {isa = PBXFileReference; explicitFileType = wrapper.cfbundle; includeInIndex = 0; path = GlowMoonTests.xctest; sourceTree = BUILT_PRODUCTS_DIR; };
		491C79362F986C2500ED47C1 /* GlowMoonUITests.xctest */ = {isa = PBXFileReference; explicitFileType = wrapper.cfbundle; includeInIndex = 0; path = GlowMoonUITests.xctest; sourceTree = BUILT_PRODUCTS_DIR; };
/* End PBXFileReference section */

/* Begin PBXFileSystemSynchronizedBuildFileExceptionSet section */
		4927F6712F9EA3D400C0BEB3 /* Exceptions for "GlowMoon" folder in "GlowMoon" target */ = {
			isa = PBXFileSystemSynchronizedBuildFileExceptionSet;
			membershipExceptions = (
				Assets.xcassets,
				ContentView.swift,
				"Extensions/Image+Assets.swift",
				Extensions/ShareSheet.swift,
				"Extensions/View+Extensions.swift",
				GlowMoonApp.swift,
				Models/CalendarModel.swift,
				Models/HomeModel.swift,
				Models/InsightsModel.swift,
				Models/LogModels.swift,
				Models/SettingsModel.swift,
				"Preview Content/Preview Assets.xcassets",
				Utilities/Constants.swift,
				Views/Calendar/CalendarDayView.swift,
				Views/Calendar/CalendarView.swift,
				Views/Home/HomeDashboardView.swift,
				Views/Home/QuickLogItem.swift,
				Views/Insights/InsightsView.swift,
				Views/Insights/SymptomRow.swift,
				Views/Logs/LogComponents.swift,
				Views/Logs/LogEntryView.swift,
				Views/Main/CustomTabBar.swift,
				Views/Main/MainTabView.swift,
				Views/Onboarding/OnboardingCycleSetupView.swift,
				Views/Onboarding/OnboardingWelcomeView.swift,
				Views/Settings/SettingsRow.swift,
				Views/Settings/SettingsSection.swift,
				Views/Settings/SettingsView.swift,
				Views/Settings/Subviews/AppearanceView.swift,
				Views/Settings/Subviews/FirstDayOfWeekView.swift,
				Views/Settings/Subviews/LanguageView.swift,
				Views/Settings/Subviews/LegalView.swift,
				Views/Settings/Subviews/RateAppAlert.swift,
				Views/Settings/Subviews/ReminderSoundView.swift,
				Views/Settings/Subviews/StarRatingView.swift,
			);
			target = 491C791B2F986C2300ED47C1 /* GlowMoon */;
		};
		4927F6722F9EA3D400C0BEB3 /* Exceptions for "GlowMoon" folder in "GlowMoonUITests" target */ = {
			isa = PBXFileSystemSynchronizedBuildFileExceptionSet;
			membershipExceptions = (
				Assets.xcassets,
				ContentView.swift,
				GlowMoonApp.swift,
				Models/CalendarModel.swift,
				Models/HomeModel.swift,
				Models/InsightsModel.swift,
				Models/LogModels.swift,
				Models/SettingsModel.swift,
				"Preview Content/Preview Assets.xcassets",
				Views/Calendar/CalendarDayView.swift,
				Views/Calendar/CalendarView.swift,
				Views/Home/HomeDashboardView.swift,
				Views/Home/QuickLogItem.swift,
				Views/Insights/InsightsView.swift,
				Views/Insights/SymptomRow.swift,
				Views/Logs/LogComponents.swift,
				Views/Logs/LogEntryView.swift,
				Views/Main/CustomTabBar.swift,
				Views/Main/MainTabView.swift,
				Views/Onboarding/OnboardingCycleSetupView.swift,
				Views/Onboarding/OnboardingWelcomeView.swift,
				Views/Settings/SettingsRow.swift,
				Views/Settings/SettingsSection.swift,
				Views/Settings/SettingsView.swift,
			);
			target = 491C79352F986C2500ED47C1 /* GlowMoonUITests */;
		};
/* End PBXFileSystemSynchronizedBuildFileExceptionSet section */

/* Begin PBXFileSystemSynchronizedRootGroup section */
		491C792F2F986C2500ED47C1 /* GlowMoonTests */ = {
			isa = PBXFileSystemSynchronizedRootGroup;
			path = GlowMoonTests;
			sourceTree = "<group>";
		};
		491C79392F986C2500ED47C1 /* GlowMoonUITests */ = {
			isa = PBXFileSystemSynchronizedRootGroup;
			path = GlowMoonUITests;
			sourceTree = "<group>";
		};
		4927F6582F9EA3D400C0BEB3 /* GlowMoon */ = {
			isa = PBXFileSystemSynchronizedRootGroup;
			exceptions = (
				4927F6712F9EA3D400C0BEB3 /* Exceptions for "GlowMoon" folder in "GlowMoon" target */,
				4927F6722F9EA3D400C0BEB3 /* Exceptions for "GlowMoon" folder in "GlowMoonUITests" target */,
			);
			path = GlowMoon;
			sourceTree = "<group>";
		};
/* End PBXFileSystemSynchronizedRootGroup section */

/* Begin PBXFrameworksBuildPhase section */
		491C79192F986C2300ED47C1 /* Frameworks */ = {
			isa = PBXFrameworksBuildPhase;
			buildActionMask = 2147483647;
			files = (
			);
			runOnlyForDeploymentPostprocessing = 0;
		};
		491C79292F986C2500ED47C1 /* Frameworks */ = {
			isa = PBXFrameworksBuildPhase;
			buildActionMask = 2147483647;
			files = (
			);
			runOnlyForDeploymentPostprocessing = 0;
		};
		491C79332F986C2500ED47C1 /* Frameworks */ = {
			isa = PBXFrameworksBuildPhase;
			buildActionMask = 2147483647;
			files = (
			);
			runOnlyForDeploymentPostprocessing = 0;
		};
/* End PBXFrameworksBuildPhase section */

/* Begin PBXGroup section */
		491C79132F986C2300ED47C1 = {
			isa = PBXGroup;
			children = (
				4927F6582F9EA3D400C0BEB3 /* GlowMoon */,
				491C792F2F986C2500ED47C1 /* GlowMoonTests */,
				491C79392F986C2500ED47C1 /* GlowMoonUITests */,
				491C791D2F986C2300ED47C1 /* Products */,
			);
			sourceTree = "<group>";
		};
		491C791D2F986C2300ED47C1 /* Products */ = {
			isa = PBXGroup;
			children = (
				491C791C2F986C2300ED47C1 /* GlowMoon.app */,
				491C792C2F986C2500ED47C1 /* GlowMoonTests.xctest */,
				491C79362F986C2500ED47C1 /* GlowMoonUITests.xctest */,
			);
			name = Products;
			sourceTree = "<group>";
		};
/* End PBXGroup section */

/* Begin PBXNativeTarget section */
		491C791B2F986C2300ED47C1 /* GlowMoon */ = {
			isa = PBXNativeTarget;
			buildConfigurationList = 491C79402F986C2500ED47C1 /* Build configuration list for PBXNativeTarget "GlowMoon" */;
			buildPhases = (
				491C79182F986C2300ED47C1 /* Sources */,
				491C79192F986C2300ED47C1 /* Frameworks */,
				491C791A2F986C2300ED47C1 /* Resources */,
			);
			buildRules = (
			);
			dependencies = (
			);
			name = GlowMoon;
			packageProductDependencies = (
			);
			productName = GlowMoon;
			productReference = 491C791C2F986C2300ED47C1 /* GlowMoon.app */;
			productType = "com.apple.product-type.application";
		};
		491C792B2F986C2500ED47C1 /* GlowMoonTests */ = {
			isa = PBXNativeTarget;
			buildConfigurationList = 491C79432F986C2500ED47C1 /* Build configuration list for PBXNativeTarget "GlowMoonTests" */;
			buildPhases = (
				491C79282F986C2500ED47C1 /* Sources */,
				491C79292F986C2500ED47C1 /* Frameworks */,
				491C792A2F986C2500ED47C1 /* Resources */,
			);
			buildRules = (
			);
			dependencies = (
				491C792E2F986C2500ED47C1 /* PBXTargetDependency */,
			);
			fileSystemSynchronizedGroups = (
				491C792F2F986C2500ED47C1 /* GlowMoonTests */,
			);
			name = GlowMoonTests;
			packageProductDependencies = (
			);
			productName = GlowMoonTests;
			productReference = 491C792C2F986C2500ED47C1 /* GlowMoonTests.xctest */;
			productType = "com.apple.product-type.bundle.unit-test";
		};
		491C79352F986C2500ED47C1 /* GlowMoonUITests */ = {
			isa = PBXNativeTarget;
			buildConfigurationList = 491C79462F986C2500ED47C1 /* Build configuration list for PBXNativeTarget "GlowMoonUITests" */;
			buildPhases = (
				491C79322F986C2500ED47C1 /* Sources */,
				491C79332F986C2500ED47C1 /* Frameworks */,
				491C79342F986C2500ED47C1 /* Resources */,
			);
			buildRules = (
			);
			dependencies = (
				491C79382F986C2500ED47C1 /* PBXTargetDependency */,
			);
			fileSystemSynchronizedGroups = (
				491C79392F986C2500ED47C1 /* GlowMoonUITests */,
				4927F6582F9EA3D400C0BEB3 /* GlowMoon */,
			);
			name = GlowMoonUITests;
			packageProductDependencies = (
			);
			productName = GlowMoonUITests;
			productReference = 491C79362F986C2500ED47C1 /* GlowMoonUITests.xctest */;
			productType = "com.apple.product-type.bundle.ui-testing";
		};
/* End PBXNativeTarget section */

/* Begin PBXProject section */
		491C79142F986C2300ED47C1 /* Project object */ = {
			isa = PBXProject;
			attributes = {
				BuildIndependentTargetsInParallel = 1;
				LastSwiftUpdateCheck = 1620;
				LastUpgradeCheck = 1620;
				TargetAttributes = {
					491C791B2F986C2300ED47C1 = {
						CreatedOnToolsVersion = 16.2;
					};
					491C792B2F986C2500ED47C1 = {
						CreatedOnToolsVersion = 16.2;
						TestTargetID = 491C791B2F986C2300ED47C1;
					};
					491C79352F986C2500ED47C1 = {
						CreatedOnToolsVersion = 16.2;
						TestTargetID = 491C791B2F986C2300ED47C1;
					};
				};
			};
			buildConfigurationList = 491C79172F986C2300ED47C1 /* Build configuration list for PBXProject "GlowMoon" */;
			developmentRegion = en;
			hasScannedForEncodings = 0;
			knownRegions = (
				en,
				Base,
			);
			mainGroup = 491C79132F986C2300ED47C1;
			minimizedProjectReferenceProxies = 1;
			preferredProjectObjectVersion = 77;
			productRefGroup = 491C791D2F986C2300ED47C1 /* Products */;
			projectDirPath = "";
			projectRoot = "";
			targets = (
				491C791B2F986C2300ED47C1 /* GlowMoon */,
				491C792B2F986C2500ED47C1 /* GlowMoonTests */,
				491C79352F986C2500ED47C1 /* GlowMoonUITests */,
			);
		};
/* End PBXProject section */

/* Begin PBXResourcesBuildPhase section */
		491C791A2F986C2300ED47C1 /* Resources */ = {
			isa = PBXResourcesBuildPhase;
			buildActionMask = 2147483647;
			files = (
			);
			runOnlyForDeploymentPostprocessing = 0;
		};
		491C792A2F986C2500ED47C1 /* Resources */ = {
			isa = PBXResourcesBuildPhase;
			buildActionMask = 2147483647;
			files = (
			);
			runOnlyForDeploymentPostprocessing = 0;
		};
		491C79342F986C2500ED47C1 /* Resources */ = {
			isa = PBXResourcesBuildPhase;
			buildActionMask = 2147483647;
			files = (
			);
			runOnlyForDeploymentPostprocessing = 0;
		};
/* End PBXResourcesBuildPhase section */

/* Begin PBXSourcesBuildPhase section */
		491C79182F986C2300ED47C1 /* Sources */ = {
			isa = PBXSourcesBuildPhase;
			buildActionMask = 2147483647;
			files = (
			);
			runOnlyForDeploymentPostprocessing = 0;
		};
		491C79282F986C2500ED47C1 /* Sources */ = {
			isa = PBXSourcesBuildPhase;
			buildActionMask = 2147483647;
			files = (
			);
			runOnlyForDeploymentPostprocessing = 0;
		};
		491C79322F986C2500ED47C1 /* Sources */ = {
			isa = PBXSourcesBuildPhase;
			buildActionMask = 2147483647;
			files = (
			);
			runOnlyForDeploymentPostprocessing = 0;
		};
/* End PBXSourcesBuildPhase section */

/* Begin PBXTargetDependency section */
		491C792E2F986C2500ED47C1 /* PBXTargetDependency */ = {
			isa = PBXTargetDependency;
			target = 491C791B2F986C2300ED47C1 /* GlowMoon */;
			targetProxy = 491C792D2F986C2500ED47C1 /* PBXContainerItemProxy */;
		};
		491C79382F986C2500ED47C1 /* PBXTargetDependency */ = {
			isa = PBXTargetDependency;
			target = 491C791B2F986C2300ED47C1 /* GlowMoon */;
			targetProxy = 491C79372F986C2500ED47C1 /* PBXContainerItemProxy */;
		};
/* End PBXTargetDependency section */

/* Begin XCBuildConfiguration section */
		491C793E2F986C2500ED47C1 /* Debug */ = {
			isa = XCBuildConfiguration;
			buildSettings = {
				ALWAYS_SEARCH_USER_PATHS = NO;
				ASSETCATALOG_COMPILER_GENERATE_SWIFT_ASSET_SYMBOL_EXTENSIONS = YES;
				CLANG_ANALYZER_NONNULL = YES;
				CLANG_ANALYZER_NUMBER_OBJECT_CONVERSION = YES_AGGRESSIVE;
				CLANG_CXX_LANGUAGE_STANDARD = "gnu++20";
				CLANG_ENABLE_MODULES = YES;
				CLANG_ENABLE_OBJC_ARC = YES;
				CLANG_ENABLE_OBJC_WEAK = YES;
				CLANG_WARN_BLOCK_CAPTURE_AUTORELEASING = YES;
				CLANG_WARN_BOOL_CONVERSION = YES;
				CLANG_WARN_COMMA = YES;
				CLANG_WARN_CONSTANT_CONVERSION = YES;
				CLANG_WARN_DEPRECATED_OBJC_IMPLEMENTATIONS = YES;
				CLANG_WARN_DIRECT_OBJC_ISA_USAGE = YES_ERROR;
				CLANG_WARN_DOCUMENTATION_COMMENTS = YES;
				CLANG_WARN_EMPTY_BODY = YES;
				CLANG_WARN_ENUM_CONVERSION = YES;
				CLANG_WARN_INFINITE_RECURSION = YES;
				CLANG_WARN_INT_CONVERSION = YES;
				CLANG_WARN_NON_LITERAL_NULL_CONVERSION = YES;
				CLANG_WARN_OBJC_IMPLICIT_RETAIN_SELF = YES;
				CLANG_WARN_OBJC_LITERAL_CONVERSION = YES;
				CLANG_WARN_OBJC_ROOT_CLASS = YES_ERROR;
				CLANG_WARN_QUOTED_INCLUDE_IN_FRAMEWORK_HEADER = YES;
				CLANG_WARN_RANGE_LOOP_ANALYSIS = YES;
				CLANG_WARN_STRICT_PROTOTYPES = YES;
				CLANG_WARN_SUSPICIOUS_MOVE = YES;
				CLANG_WARN_UNGUARDED_AVAILABILITY = YES_AGGRESSIVE;
				CLANG_WARN_UNREACHABLE_CODE = YES;
				CLANG_WARN__DUPLICATE_METHOD_MATCH = YES;
				COPY_PHASE_STRIP = NO;
				DEBUG_INFORMATION_FORMAT = dwarf;
				ENABLE_STRICT_OBJC_MSGSEND = YES;
				ENABLE_TESTABILITY = YES;
				ENABLE_USER_SCRIPT_SANDBOXING = YES;
				GCC_C_LANGUAGE_STANDARD = gnu17;
				GCC_DYNAMIC_NO_PIC = NO;
				GCC_NO_COMMON_BLOCKS = YES;
				GCC_OPTIMIZATION_LEVEL = 0;
				GCC_PREPROCESSOR_DEFINITIONS = (
					"DEBUG=1",
					"$(inherited)",
				);
				GCC_WARN_64_TO_32_BIT_CONVERSION = YES;
				GCC_WARN_ABOUT_RETURN_TYPE = YES_ERROR;
				GCC_WARN_UNDECLARED_SELECTOR = YES;
				GCC_WARN_UNINITIALIZED_AUTOS = YES_AGGRESSIVE;
				GCC_WARN_UNUSED_FUNCTION = YES;
				GCC_WARN_UNUSED_VARIABLE = YES;
				IPHONEOS_DEPLOYMENT_TARGET = 18.2;
				LOCALIZATION_PREFERS_STRING_CATALOGS = YES;
				MTL_ENABLE_DEBUG_INFO = INCLUDE_SOURCE;
				MTL_FAST_MATH = YES;
				ONLY_ACTIVE_ARCH = YES;
				SDKROOT = iphoneos;
				SWIFT_ACTIVE_COMPILATION_CONDITIONS = "DEBUG $(inherited)";
				SWIFT_OPTIMIZATION_LEVEL = "-Onone";
			};
			name = Debug;
		};
		491C793F2F986C2500ED47C1 /* Release */ = {
			isa = XCBuildConfiguration;
			buildSettings = {
				ALWAYS_SEARCH_USER_PATHS = NO;
				ASSETCATALOG_COMPILER_GENERATE_SWIFT_ASSET_SYMBOL_EXTENSIONS = YES;
				CLANG_ANALYZER_NONNULL = YES;
				CLANG_ANALYZER_NUMBER_OBJECT_CONVERSION = YES_AGGRESSIVE;
				CLANG_CXX_LANGUAGE_STANDARD = "gnu++20";
				CLANG_ENABLE_MODULES = YES;
				CLANG_ENABLE_OBJC_ARC = YES;
				CLANG_ENABLE_OBJC_WEAK = YES;
				CLANG_WARN_BLOCK_CAPTURE_AUTORELEASING = YES;
				CLANG_WARN_BOOL_CONVERSION = YES;
				CLANG_WARN_COMMA = YES;
				CLANG_WARN_CONSTANT_CONVERSION = YES;
				CLANG_WARN_DEPRECATED_OBJC_IMPLEMENTATIONS = YES;
				CLANG_WARN_DIRECT_OBJC_ISA_USAGE = YES_ERROR;
				CLANG_WARN_DOCUMENTATION_COMMENTS = YES;
				CLANG_WARN_EMPTY_BODY = YES;
				CLANG_WARN_ENUM_CONVERSION = YES;
				CLANG_WARN_INFINITE_RECURSION = YES;
				CLANG_WARN_INT_CONVERSION = YES;
				CLANG_WARN_NON_LITERAL_NULL_CONVERSION = YES;
				CLANG_WARN_OBJC_IMPLICIT_RETAIN_SELF = YES;
				CLANG_WARN_OBJC_LITERAL_CONVERSION = YES;
				CLANG_WARN_OBJC_ROOT_CLASS = YES_ERROR;
				CLANG_WARN_QUOTED_INCLUDE_IN_FRAMEWORK_HEADER = YES;
				CLANG_WARN_RANGE_LOOP_ANALYSIS = YES;
				CLANG_WARN_STRICT_PROTOTYPES = YES;
				CLANG_WARN_SUSPICIOUS_MOVE = YES;
				CLANG_WARN_UNGUARDED_AVAILABILITY = YES_AGGRESSIVE;
				CLANG_WARN_UNREACHABLE_CODE = YES;
				CLANG_WARN__DUPLICATE_METHOD_MATCH = YES;
				COPY_PHASE_STRIP = NO;
				DEBUG_INFORMATION_FORMAT = "dwarf-with-dsym";
				ENABLE_NS_ASSERTIONS = NO;
				ENABLE_STRICT_OBJC_MSGSEND = YES;
				ENABLE_USER_SCRIPT_SANDBOXING = YES;
				GCC_C_LANGUAGE_STANDARD = gnu17;
				GCC_NO_COMMON_BLOCKS = YES;
				GCC_WARN_64_TO_32_BIT_CONVERSION = YES;
				GCC_WARN_ABOUT_RETURN_TYPE = YES_ERROR;
				GCC_WARN_UNDECLARED_SELECTOR = YES;
				GCC_WARN_UNINITIALIZED_AUTOS = YES_AGGRESSIVE;
				GCC_WARN_UNUSED_FUNCTION = YES;
				GCC_WARN_UNUSED_VARIABLE = YES;
				IPHONEOS_DEPLOYMENT_TARGET = 18.2;
				LOCALIZATION_PREFERS_STRING_CATALOGS = YES;
				MTL_ENABLE_DEBUG_INFO = NO;
				MTL_FAST_MATH = YES;
				SDKROOT = iphoneos;
				SWIFT_COMPILATION_MODE = wholemodule;
				VALIDATE_PRODUCT = YES;
			};
			name = Release;
		};
		491C79412F986C2500ED47C1 /* Debug */ = {
			isa = XCBuildConfiguration;
			buildSettings = {
				ASSETCATALOG_COMPILER_APPICON_NAME = AppIcon;
				ASSETCATALOG_COMPILER_GLOBAL_ACCENT_COLOR_NAME = AccentColor;
				CODE_SIGN_STYLE = Automatic;
				CURRENT_PROJECT_VERSION = 1;
				DEVELOPMENT_ASSET_PATHS = "\"GlowMoon/Preview Content\"";
				DEVELOPMENT_TEAM = F8VPSJ6LDT;
				ENABLE_PREVIEWS = YES;
				GENERATE_INFOPLIST_FILE = YES;
				INFOPLIST_KEY_UIApplicationSceneManifest_Generation = YES;
				INFOPLIST_KEY_UIApplicationSupportsIndirectInputEvents = YES;
				INFOPLIST_KEY_UILaunchScreen_Generation = YES;
				INFOPLIST_KEY_UISupportedInterfaceOrientations_iPad = "UIInterfaceOrientationPortrait UIInterfaceOrientationPortraitUpsideDown UIInterfaceOrientationLandscapeLeft UIInterfaceOrientationLandscapeRight";
				INFOPLIST_KEY_UISupportedInterfaceOrientations_iPhone = "UIInterfaceOrientationPortrait UIInterfaceOrientationLandscapeLeft UIInterfaceOrientationLandscapeRight";
				LD_RUNPATH_SEARCH_PATHS = (
					"$(inherited)",
					"@executable_path/Frameworks",
				);
				MARKETING_VERSION = 1.0;
				PRODUCT_BUNDLE_IDENTIFIER = com.teesma.GlowMoon;
				PRODUCT_NAME = "$(TARGET_NAME)";
				SWIFT_EMIT_LOC_STRINGS = YES;
				SWIFT_VERSION = 5.0;
				TARGETED_DEVICE_FAMILY = "1,2";
			};
			name = Debug;
		};
		491C79422F986C2500ED47C1 /* Release */ = {
			isa = XCBuildConfiguration;
			buildSettings = {
				ASSETCATALOG_COMPILER_APPICON_NAME = AppIcon;
				ASSETCATALOG_COMPILER_GLOBAL_ACCENT_COLOR_NAME = AccentColor;
				CODE_SIGN_STYLE = Automatic;
				CURRENT_PROJECT_VERSION = 1;
				DEVELOPMENT_ASSET_PATHS = "\"GlowMoon/Preview Content\"";
				DEVELOPMENT_TEAM = F8VPSJ6LDT;
				ENABLE_PREVIEWS = YES;
				GENERATE_INFOPLIST_FILE = YES;
				INFOPLIST_KEY_UIApplicationSceneManifest_Generation = YES;
				INFOPLIST_KEY_UIApplicationSupportsIndirectInputEvents = YES;
				INFOPLIST_KEY_UILaunchScreen_Generation = YES;
				INFOPLIST_KEY_UISupportedInterfaceOrientations_iPad = "UIInterfaceOrientationPortrait UIInterfaceOrientationPortraitUpsideDown UIInterfaceOrientationLandscapeLeft UIInterfaceOrientationLandscapeRight";
				INFOPLIST_KEY_UISupportedInterfaceOrientations_iPhone = "UIInterfaceOrientationPortrait UIInterfaceOrientationLandscapeLeft UIInterfaceOrientationLandscapeRight";
				LD_RUNPATH_SEARCH_PATHS = (
					"$(inherited)",
					"@executable_path/Frameworks",
				);
				MARKETING_VERSION = 1.0;
				PRODUCT_BUNDLE_IDENTIFIER = com.teesma.GlowMoon;
				PRODUCT_NAME = "$(TARGET_NAME)";
				SWIFT_EMIT_LOC_STRINGS = YES;
				SWIFT_VERSION = 5.0;
				TARGETED_DEVICE_FAMILY = "1,2";
			};
			name = Release;
		};
		491C79442F986C2500ED47C1 /* Debug */ = {
			isa = XCBuildConfiguration;
			buildSettings = {
				BUNDLE_LOADER = "$(TEST_HOST)";
				CODE_SIGN_STYLE = Automatic;
				CURRENT_PROJECT_VERSION = 1;
				DEVELOPMENT_TEAM = F8VPSJ6LDT;
				GENERATE_INFOPLIST_FILE = YES;
				IPHONEOS_DEPLOYMENT_TARGET = 18.2;
				MARKETING_VERSION = 1.0;
				PRODUCT_BUNDLE_IDENTIFIER = com.teesma.GlowMoonTests;
				PRODUCT_NAME = "$(TARGET_NAME)";
				SWIFT_EMIT_LOC_STRINGS = NO;
				SWIFT_VERSION = 5.0;
				TARGETED_DEVICE_FAMILY = "1,2";
				TEST_HOST = "$(BUILT_PRODUCTS_DIR)/GlowMoon.app/$(BUNDLE_EXECUTABLE_FOLDER_PATH)/GlowMoon";
			};
			name = Debug;
		};
		491C79452F986C2500ED47C1 /* Release */ = {
			isa = XCBuildConfiguration;
			buildSettings = {
				BUNDLE_LOADER = "$(TEST_HOST)";
				CODE_SIGN_STYLE = Automatic;
				CURRENT_PROJECT_VERSION = 1;
				DEVELOPMENT_TEAM = F8VPSJ6LDT;
				GENERATE_INFOPLIST_FILE = YES;
				IPHONEOS_DEPLOYMENT_TARGET = 18.2;
				MARKETING_VERSION = 1.0;
				PRODUCT_BUNDLE_IDENTIFIER = com.teesma.GlowMoonTests;
				PRODUCT_NAME = "$(TARGET_NAME)";
				SWIFT_EMIT_LOC_STRINGS = NO;
				SWIFT_VERSION = 5.0;
				TARGETED_DEVICE_FAMILY = "1,2";
				TEST_HOST = "$(BUILT_PRODUCTS_DIR)/GlowMoon.app/$(BUNDLE_EXECUTABLE_FOLDER_PATH)/GlowMoon";
			};
			name = Release;
		};
		491C79472F986C2500ED47C1 /* Debug */ = {
			isa = XCBuildConfiguration;
			buildSettings = {
				CODE_SIGN_STYLE = Automatic;
				CURRENT_PROJECT_VERSION = 1;
				DEVELOPMENT_TEAM = F8VPSJ6LDT;
				GENERATE_INFOPLIST_FILE = YES;
				MARKETING_VERSION = 1.0;
				PRODUCT_BUNDLE_IDENTIFIER = com.teesma.GlowMoonUITests;
				PRODUCT_NAME = "$(TARGET_NAME)";
				SWIFT_EMIT_LOC_STRINGS = NO;
				SWIFT_VERSION = 5.0;
				TARGETED_DEVICE_FAMILY = "1,2";
				TEST_TARGET_NAME = GlowMoon;
			};
			name = Debug;
		};
		491C79482F986C2500ED47C1 /* Release */ = {
			isa = XCBuildConfiguration;
			buildSettings = {
				CODE_SIGN_STYLE = Automatic;
				CURRENT_PROJECT_VERSION = 1;
				DEVELOPMENT_TEAM = F8VPSJ6LDT;
				GENERATE_INFOPLIST_FILE = YES;
				MARKETING_VERSION = 1.0;
				PRODUCT_BUNDLE_IDENTIFIER = com.teesma.GlowMoonUITests;
				PRODUCT_NAME = "$(TARGET_NAME)";
				SWIFT_EMIT_LOC_STRINGS = NO;
				SWIFT_VERSION = 5.0;
				TARGETED_DEVICE_FAMILY = "1,2";
				TEST_TARGET_NAME = GlowMoon;
			};
			name = Release;
		};
/* End XCBuildConfiguration section */

/* Begin XCConfigurationList section */
		491C79172F986C2300ED47C1 /* Build configuration list for PBXProject "GlowMoon" */ = {
			isa = XCConfigurationList;
			buildConfigurations = (
				491C793E2F986C2500ED47C1 /* Debug */,
				491C793F2F986C2500ED47C1 /* Release */,
			);
			defaultConfigurationIsVisible = 0;
			defaultConfigurationName = Release;
		};
		491C79402F986C2500ED47C1 /* Build configuration list for PBXNativeTarget "GlowMoon" */ = {
			isa = XCConfigurationList;
			buildConfigurations = (
				491C79412F986C2500ED47C1 /* Debug */,
				491C79422F986C2500ED47C1 /* Release */,
			);
			defaultConfigurationIsVisible = 0;
			defaultConfigurationName = Release;
		};
		491C79432F986C2500ED47C1 /* Build configuration list for PBXNativeTarget "GlowMoonTests" */ = {
			isa = XCConfigurationList;
			buildConfigurations = (
				491C79442F986C2500ED47C1 /* Debug */,
				491C79452F986C2500ED47C1 /* Release */,
			);
			defaultConfigurationIsVisible = 0;
			defaultConfigurationName = Release;
		};
		491C79462F986C2500ED47C1 /* Build configuration list for PBXNativeTarget "GlowMoonUITests" */ = {
			isa = XCConfigurationList;
			buildConfigurations = (
				491C79472F986C2500ED47C1 /* Debug */,
				491C79482F986C2500ED47C1 /* Release */,
			);
			defaultConfigurationIsVisible = 0;
			defaultConfigurationName = Release;
		};
/* End XCConfigurationList section */
	};
	rootObject = 491C79142F986C2300ED47C1 /* Project object */;
}
